// !$*UTF8*$!
{
	archiveVersion = 1;
	classes = {
	};
	objectVersion = 46;
	objects = {

/* Begin PBXBuildFile section */
		00E356F31AD99517003FC87E /* TilavivGrillTests.m in Sources */ = {isa = PBXBuildFile; fileRef = 00E356F21AD99517003FC87E /* TilavivGrillTests.m */; };
		079DB6E393014CBAACC9740E /* AvenirNextLTPro-UltLtCn.otf in Resources */ = {isa = PBXBuildFile; fileRef = 8F0388734A494144838090A2 /* AvenirNextLTPro-UltLtCn.otf */; };
		0B998C3C57FF4BFBA1FB3A48 /* FontAwesome5_Brands.ttf in Resources */ = {isa = PBXBuildFile; fileRef = 37C5C84FB8444D93B4822A0A /* FontAwesome5_Brands.ttf */; };
		0BE9EBD11DBD4100AB59E15C /* FontAwesome.ttf in Resources */ = {isa = PBXBuildFile; fileRef = F4BCDE77DC234C5CABC33F57 /* FontAwesome.ttf */; };
		13B07FBC1A68108700A75B9A /* AppDelegate.m in Sources */ = {isa = PBXBuildFile; fileRef = 13B07FB01A68108700A75B9A /* AppDelegate.m */; };
		13B07FBD1A68108700A75B9A /* LaunchScreen.xib in Resources */ = {isa = PBXBuildFile; fileRef = 13B07FB11A68108700A75B9A /* LaunchScreen.xib */; };
		13B07FBF1A68108700A75B9A /* Images.xcassets in Resources */ = {isa = PBXBuildFile; fileRef = 13B07FB51A68108700A75B9A /* Images.xcassets */; };
		13B07FC11A68108700A75B9A /* main.m in Sources */ = {isa = PBXBuildFile; fileRef = 13B07FB71A68108700A75B9A /* main.m */; };
		1849CE7923DDED1F00140C2E /* GoogleService-Info.plist in Resources */ = {isa = PBXBuildFile; fileRef = 1849CE7823DDED1F00140C2E /* GoogleService-Info.plist */; };
		2625715083C54777A81A6487 /* Feather.ttf in Resources */ = {isa = PBXBuildFile; fileRef = 00C9D5A768DE4BA4846646DD /* Feather.ttf */; };
		28992DD6327E45F5A7771ABA /* EncodeSans-Medium.ttf in Resources */ = {isa = PBXBuildFile; fileRef = 42D9A1BF14DD4B2D8B33F4F5 /* EncodeSans-Medium.ttf */; };
		2D02E4BC1E0B4A80006451C7 /* AppDelegate.m in Sources */ = {isa = PBXBuildFile; fileRef = 13B07FB01A68108700A75B9A /* AppDelegate.m */; };
		2D02E4BD1E0B4A84006451C7 /* Images.xcassets in Resources */ = {isa = PBXBuildFile; fileRef = 13B07FB51A68108700A75B9A /* Images.xcassets */; };
		2D02E4BF1E0B4AB3006451C7 /* main.m in Sources */ = {isa = PBXBuildFile; fileRef = 13B07FB71A68108700A75B9A /* main.m */; };
		2DCD954D1E0B4F2C00145EB5 /* TilavivGrillTests.m in Sources */ = {isa = PBXBuildFile; fileRef = 00E356F21AD99517003FC87E /* TilavivGrillTests.m */; };
		397CD40EAB8D4BABA1366FA8 /* SimpleLineIcons.ttf in Resources */ = {isa = PBXBuildFile; fileRef = 446A303D9B1A43D0A8DF63E9 /* SimpleLineIcons.ttf */; };
		39D1E77B574C49BCADA4C8F9 /* Ionicons.ttf in Resources */ = {isa = PBXBuildFile; fileRef = 7011190A8A0C4B0E9A5A9E1B /* Ionicons.ttf */; };
		3CE0E61112574349BCD97B83 /* MaterialIcons.ttf in Resources */ = {isa = PBXBuildFile; fileRef = 967A067F434F48CD9A6A628F /* MaterialIcons.ttf */; };
		40C1E8AA4CA34F20AAA5F602 /* VERDANA.TTF in Resources */ = {isa = PBXBuildFile; fileRef = 7E02BB6FB32C48C7865DBAF1 /* VERDANA.TTF */; };
		4A9D5FABBEE344098F2849CE /* Fontisto.ttf in Resources */ = {isa = PBXBuildFile; fileRef = 64F9B96E77884441B6011B8F /* Fontisto.ttf */; };
		56ADF3BB73367C69B24C85C1 /* libPods-TilavivGrill-tvOSTests.a in Frameworks */ = {isa = PBXBuildFile; fileRef = 2FC394EB32E06197A85AA21B /* libPods-TilavivGrill-tvOSTests.a */; };
		58436920217B43B0B783DB0B /* AvenirNextLTPro-Cn.otf in Resources */ = {isa = PBXBuildFile; fileRef = 040D997721A4414DA1300BBB /* AvenirNextLTPro-Cn.otf */; };
		624F6C457C34413483F8E189 /* Montserrat-Light.ttf in Resources */ = {isa = PBXBuildFile; fileRef = 9939A87E83C349F9A8604E59 /* Montserrat-Light.ttf */; };
		68B3D340CAAB408C895CA8FE /* Lato-Light.ttf in Resources */ = {isa = PBXBuildFile; fileRef = B58F8C547AD44EC38E5531F0 /* Lato-Light.ttf */; };
		6E27CA5AE50B49DBA139300B /* Zocial.ttf in Resources */ = {isa = PBXBuildFile; fileRef = BA0118B5927246689BC40A1A /* Zocial.ttf */; };
		731DE2B115E546D5A49E1257 /* Lato-Regular.ttf in Resources */ = {isa = PBXBuildFile; fileRef = 49ADDD14BE3547E6814B1DBB /* Lato-Regular.ttf */; };
		7461A5189DAA4728A17970CA /* Lato-Bold.ttf in Resources */ = {isa = PBXBuildFile; fileRef = 511F1295A7F046929C771BED /* Lato-Bold.ttf */; };
		7F35739476594D6C8350BBA1 /* EncodeSans-Bold.ttf in Resources */ = {isa = PBXBuildFile; fileRef = CC4EDEC2C3AC494ABE129F7B /* EncodeSans-Bold.ttf */; };
		81F2F71F142147B789448350 /* VarelaRound-Regular.ttf in Resources */ = {isa = PBXBuildFile; fileRef = 6870AF84CFF9490F86742AB2 /* VarelaRound-Regular.ttf */; };
		8475D174D08177A07E0F6990 /* libPods-TilavivGrill-tvOS.a in Frameworks */ = {isa = PBXBuildFile; fileRef = 21AFF286964392CA447B82B6 /* libPods-TilavivGrill-tvOS.a */; };
		86858F1F07B44F0789FB18B4 /* AvenirNextLTPro-MediumCn.otf in Resources */ = {isa = PBXBuildFile; fileRef = 9E13B434AC1A486D9B6F1CAD /* AvenirNextLTPro-MediumCn.otf */; };
		8E6CC59EACF641FDBB80FE04 /* Octicons.ttf in Resources */ = {isa = PBXBuildFile; fileRef = FC23479A29B0454CB82C230E /* Octicons.ttf */; };
		98006A4ED9D046FCBDA03044 /* AvenirNextLTPro-Demi.otf in Resources */ = {isa = PBXBuildFile; fileRef = 6905884C255240DD895BA075 /* AvenirNextLTPro-Demi.otf */; };
		9BA85B860C094C9B92D5DBC0 /* AvenirNextLTPro-DemiCn.otf in Resources */ = {isa = PBXBuildFile; fileRef = 100BD087D1C9456F9D8B3008 /* AvenirNextLTPro-DemiCn.otf */; };
		9F077AEAD1064912A7D5B072 /* MaterialCommunityIcons.ttf in Resources */ = {isa = PBXBuildFile; fileRef = 832ED0EC282646AFB076C105 /* MaterialCommunityIcons.ttf */; };
		A4E12076450C477B9C3F11F8 /* FontAwesome5_Regular.ttf in Resources */ = {isa = PBXBuildFile; fileRef = 468C6DA1C54349B7ACCD7072 /* FontAwesome5_Regular.ttf */; };
		A7CAD1CCBF8C42D4AEEAEE69 /* AvenirNextLTPro-Bold.otf in Resources */ = {isa = PBXBuildFile; fileRef = C53167AE9ADD4E99934A3434 /* AvenirNextLTPro-Bold.otf */; };
		A98FEE743FEB462BAF57CA25 /* FontAwesome5_Solid.ttf in Resources */ = {isa = PBXBuildFile; fileRef = 2FCAFFDC75FC44E295B20EA6 /* FontAwesome5_Solid.ttf */; };
		B4B28AFB4D3949419E2990EE /* EncodeSans-Regular.ttf in Resources */ = {isa = PBXBuildFile; fileRef = 7027F9FEE0B7469C8BF5E800 /* EncodeSans-Regular.ttf */; };
		B7264FE3148D474FAF4949E9 /* AntDesign.ttf in Resources */ = {isa = PBXBuildFile; fileRef = C0FAD850BD1B41ECB39583CB /* AntDesign.ttf */; };
		BC43948B894F4234B2B357BA /* AvenirNextLTPro-BoldCn.otf in Resources */ = {isa = PBXBuildFile; fileRef = FA3460CD2E2C4F009D2DDC2E /* AvenirNextLTPro-BoldCn.otf */; };
		CD08D2683D564814863498A4 /* AvenirNextLTPro-Regular.otf in Resources */ = {isa = PBXBuildFile; fileRef = 324B4181234846319E2EA4F0 /* AvenirNextLTPro-Regular.otf */; };
		D1895CAE1F7C4D1D9C89BF0C /* EncodeSans-SemiBold.ttf in Resources */ = {isa = PBXBuildFile; fileRef = 7E7ADC6188DF4FEDA2D57535 /* EncodeSans-SemiBold.ttf */; };
		D321B2C70EF8CF15236FF387 /* libPods-TilavivGrillTests.a in Frameworks */ = {isa = PBXBuildFile; fileRef = A2438E70CC0E538971C3C689 /* libPods-TilavivGrillTests.a */; };
		D4D4D82620034F22B2746519 /* EvilIcons.ttf in Resources */ = {isa = PBXBuildFile; fileRef = 4EB72E272F9646C9BCD9A074 /* EvilIcons.ttf */; };
		DEED92CD6B6B5D88CB310EAE /* libPods-TilavivGrill.a in Frameworks */ = {isa = PBXBuildFile; fileRef = 4FEC729E8492661D7091F844 /* libPods-TilavivGrill.a */; };
		EC222FDD4F014131811865A2 /* Foundation.ttf in Resources */ = {isa = PBXBuildFile; fileRef = 142280B846874461B1079498 /* Foundation.ttf */; };
		F64EEB984F2C41C0A13E36A0 /* Entypo.ttf in Resources */ = {isa = PBXBuildFile; fileRef = 398767A3DB3443C482947CBB /* Entypo.ttf */; };
/* End PBXBuildFile section */

/* Begin PBXContainerItemProxy section */
		00E356F41AD99517003FC87E /* PBXContainerItemProxy */ = {
			isa = PBXContainerItemProxy;
			containerPortal = 83CBB9F71A601CBA00E9B192 /* Project object */;
			proxyType = 1;
			remoteGlobalIDString = 13B07F861A680F5B00A75B9A;
			remoteInfo = TilavivGrill;
		};
		2D02E4911E0B4A5D006451C7 /* PBXContainerItemProxy */ = {
			isa = PBXContainerItemProxy;
			containerPortal = 83CBB9F71A601CBA00E9B192 /* Project object */;
			proxyType = 1;
			remoteGlobalIDString = 2D02E47A1E0B4A5D006451C7;
			remoteInfo = "TilavivGrill-tvOS";
		};
/* End PBXContainerItemProxy section */

/* Begin PBXFileReference section */
		008F07F21AC5B25A0029DE68 /* main.jsbundle */ = {isa = PBXFileReference; fileEncoding = 4; lastKnownFileType = text; path = main.jsbundle; sourceTree = "<group>"; };
		00C9D5A768DE4BA4846646DD /* Feather.ttf */ = {isa = PBXFileReference; explicitFileType = undefined; fileEncoding = 9; includeInIndex = 0; lastKnownFileType = unknown; name = Feather.ttf; path = "../node_modules/react-native-vector-icons/Fonts/Feather.ttf"; sourceTree = "<group>"; };
		00E356EE1AD99517003FC87E /* TilavivGrillTests.xctest */ = {isa = PBXFileReference; explicitFileType = wrapper.cfbundle; includeInIndex = 0; path = TilavivGrillTests.xctest; sourceTree = BUILT_PRODUCTS_DIR; };
		00E356F11AD99517003FC87E /* Info.plist */ = {isa = PBXFileReference; lastKnownFileType = text.plist.xml; path = Info.plist; sourceTree = "<group>"; };
		00E356F21AD99517003FC87E /* TilavivGrillTests.m */ = {isa = PBXFileReference; lastKnownFileType = sourcecode.c.objc; path = TilavivGrillTests.m; sourceTree = "<group>"; };
		040D997721A4414DA1300BBB /* AvenirNextLTPro-Cn.otf */ = {isa = PBXFileReference; explicitFileType = undefined; fileEncoding = 9; includeInIndex = 0; lastKnownFileType = unknown; name = "AvenirNextLTPro-Cn.otf"; path = "../assets/fonts/AvenirNextLTPro-Cn.otf"; sourceTree = "<group>"; };
		100BD087D1C9456F9D8B3008 /* AvenirNextLTPro-DemiCn.otf */ = {isa = PBXFileReference; explicitFileType = undefined; fileEncoding = 9; includeInIndex = 0; lastKnownFileType = unknown; name = "AvenirNextLTPro-DemiCn.otf"; path = "../assets/fonts/AvenirNextLTPro-DemiCn.otf"; sourceTree = "<group>"; };
		13B07F961A680F5B00A75B9A /* TilavivGrill.app */ = {isa = PBXFileReference; explicitFileType = wrapper.application; includeInIndex = 0; path = TilavivGrill.app; sourceTree = BUILT_PRODUCTS_DIR; };
		13B07FAF1A68108700A75B9A /* AppDelegate.h */ = {isa = PBXFileReference; fileEncoding = 4; lastKnownFileType = sourcecode.c.h; name = AppDelegate.h; path = TilavivGrill/AppDelegate.h; sourceTree = "<group>"; };
		13B07FB01A68108700A75B9A /* AppDelegate.m */ = {isa = PBXFileReference; fileEncoding = 4; lastKnownFileType = sourcecode.c.objc; name = AppDelegate.m; path = TilavivGrill/AppDelegate.m; sourceTree = "<group>"; };
		13B07FB21A68108700A75B9A /* Base */ = {isa = PBXFileReference; lastKnownFileType = file.xib; name = Base; path = Base.lproj/LaunchScreen.xib; sourceTree = "<group>"; };
		13B07FB51A68108700A75B9A /* Images.xcassets */ = {isa = PBXFileReference; lastKnownFileType = folder.assetcatalog; name = Images.xcassets; path = TilavivGrill/Images.xcassets; sourceTree = "<group>"; };
		13B07FB61A68108700A75B9A /* Info.plist */ = {isa = PBXFileReference; fileEncoding = 4; lastKnownFileType = text.plist.xml; name = Info.plist; path = TilavivGrill/Info.plist; sourceTree = "<group>"; };
		13B07FB71A68108700A75B9A /* main.m */ = {isa = PBXFileReference; fileEncoding = 4; lastKnownFileType = sourcecode.c.objc; name = main.m; path = TilavivGrill/main.m; sourceTree = "<group>"; };
		142280B846874461B1079498 /* Foundation.ttf */ = {isa = PBXFileReference; explicitFileType = undefined; fileEncoding = 9; includeInIndex = 0; lastKnownFileType = unknown; name = Foundation.ttf; path = "../node_modules/react-native-vector-icons/Fonts/Foundation.ttf"; sourceTree = "<group>"; };
		1849CE7823DDED1F00140C2E /* GoogleService-Info.plist */ = {isa = PBXFileReference; fileEncoding = 4; lastKnownFileType = text.plist.xml; name = "GoogleService-Info.plist"; path = "../../TilavivData/GoogleService-Info.plist"; sourceTree = "<group>"; };
		1849CE7B23DE0A8200140C2E /* MaterialIcons.ttf */ = {isa = PBXFileReference; lastKnownFileType = file; name = MaterialIcons.ttf; path = "../../node_modules/react-native-vector-icons/Fonts/MaterialIcons.ttf"; sourceTree = "<group>"; };
		1849CE7C23DE0A8200140C2E /* Octicons.ttf */ = {isa = PBXFileReference; lastKnownFileType = file; name = Octicons.ttf; path = "../../node_modules/react-native-vector-icons/Fonts/Octicons.ttf"; sourceTree = "<group>"; };
		1849CE7D23DE0A8200140C2E /* Entypo.ttf */ = {isa = PBXFileReference; lastKnownFileType = file; name = Entypo.ttf; path = "../../node_modules/react-native-vector-icons/Fonts/Entypo.ttf"; sourceTree = "<group>"; };
		1849CE7E23DE0A8200140C2E /* Zocial.ttf */ = {isa = PBXFileReference; lastKnownFileType = file; name = Zocial.ttf; path = "../../node_modules/react-native-vector-icons/Fonts/Zocial.ttf"; sourceTree = "<group>"; };
		1849CE7F23DE0A8200140C2E /* EvilIcons.ttf */ = {isa = PBXFileReference; lastKnownFileType = file; name = EvilIcons.ttf; path = "../../node_modules/react-native-vector-icons/Fonts/EvilIcons.ttf"; sourceTree = "<group>"; };
		1849CE8023DE0A8200140C2E /* FontAwesome5_Regular.ttf */ = {isa = PBXFileReference; lastKnownFileType = file; name = FontAwesome5_Regular.ttf; path = "../../node_modules/react-native-vector-icons/Fonts/FontAwesome5_Regular.ttf"; sourceTree = "<group>"; };
		1849CE8123DE0A8200140C2E /* FontAwesome.ttf */ = {isa = PBXFileReference; lastKnownFileType = file; name = FontAwesome.ttf; path = "../../node_modules/react-native-vector-icons/Fonts/FontAwesome.ttf"; sourceTree = "<group>"; };
		1849CE8223DE0A8200140C2E /* FontAwesome5_Solid.ttf */ = {isa = PBXFileReference; lastKnownFileType = file; name = FontAwesome5_Solid.ttf; path = "../../node_modules/react-native-vector-icons/Fonts/FontAwesome5_Solid.ttf"; sourceTree = "<group>"; };
		1849CE8323DE0A8200140C2E /* Foundation.ttf */ = {isa = PBXFileReference; lastKnownFileType = file; name = Foundation.ttf; path = "../../node_modules/react-native-vector-icons/Fonts/Foundation.ttf"; sourceTree = "<group>"; };
		1849CE8423DE0A8200140C2E /* SimpleLineIcons.ttf */ = {isa = PBXFileReference; lastKnownFileType = file; name = SimpleLineIcons.ttf; path = "../../node_modules/react-native-vector-icons/Fonts/SimpleLineIcons.ttf"; sourceTree = "<group>"; };
		1849CE8523DE0A8200140C2E /* MaterialCommunityIcons.ttf */ = {isa = PBXFileReference; lastKnownFileType = file; name = MaterialCommunityIcons.ttf; path = "../../node_modules/react-native-vector-icons/Fonts/MaterialCommunityIcons.ttf"; sourceTree = "<group>"; };
		1849CE8623DE0A8300140C2E /* FontAwesome5_Brands.ttf */ = {isa = PBXFileReference; lastKnownFileType = file; name = FontAwesome5_Brands.ttf; path = "../../node_modules/react-native-vector-icons/Fonts/FontAwesome5_Brands.ttf"; sourceTree = "<group>"; };
		1849CE8723DE0A8300140C2E /* AntDesign.ttf */ = {isa = PBXFileReference; lastKnownFileType = file; name = AntDesign.ttf; path = "../../node_modules/react-native-vector-icons/Fonts/AntDesign.ttf"; sourceTree = "<group>"; };
		1849CE8823DE0A8300140C2E /* Feather.ttf */ = {isa = PBXFileReference; lastKnownFileType = file; name = Feather.ttf; path = "../../node_modules/react-native-vector-icons/Fonts/Feather.ttf"; sourceTree = "<group>"; };
		1849CE8923DE0A8300140C2E /* Ionicons.ttf */ = {isa = PBXFileReference; lastKnownFileType = file; name = Ionicons.ttf; path = "../../node_modules/react-native-vector-icons/Fonts/Ionicons.ttf"; sourceTree = "<group>"; };
		1849CE8A23DE0A8300140C2E /* Fontisto.ttf */ = {isa = PBXFileReference; lastKnownFileType = file; name = Fontisto.ttf; path = "../../node_modules/react-native-vector-icons/Fonts/Fontisto.ttf"; sourceTree = "<group>"; };
		21AFF286964392CA447B82B6 /* libPods-TilavivGrill-tvOS.a */ = {isa = PBXFileReference; explicitFileType = archive.ar; includeInIndex = 0; path = "libPods-TilavivGrill-tvOS.a"; sourceTree = BUILT_PRODUCTS_DIR; };
		2892DE5906BFF75AD22836F9 /* Pods-TilavivGrill-tvOSTests.release.xcconfig */ = {isa = PBXFileReference; includeInIndex = 1; lastKnownFileType = text.xcconfig; name = "Pods-TilavivGrill-tvOSTests.release.xcconfig"; path = "Target Support Files/Pods-TilavivGrill-tvOSTests/Pods-TilavivGrill-tvOSTests.release.xcconfig"; sourceTree = "<group>"; };
		2D02E47B1E0B4A5D006451C7 /* TilavivGrill-tvOS.app */ = {isa = PBXFileReference; explicitFileType = wrapper.application; includeInIndex = 0; path = "TilavivGrill-tvOS.app"; sourceTree = BUILT_PRODUCTS_DIR; };
		2D02E4901E0B4A5D006451C7 /* TilavivGrill-tvOSTests.xctest */ = {isa = PBXFileReference; explicitFileType = wrapper.cfbundle; includeInIndex = 0; path = "TilavivGrill-tvOSTests.xctest"; sourceTree = BUILT_PRODUCTS_DIR; };
		2FC394EB32E06197A85AA21B /* libPods-TilavivGrill-tvOSTests.a */ = {isa = PBXFileReference; explicitFileType = archive.ar; includeInIndex = 0; path = "libPods-TilavivGrill-tvOSTests.a"; sourceTree = BUILT_PRODUCTS_DIR; };
		2FCAFFDC75FC44E295B20EA6 /* FontAwesome5_Solid.ttf */ = {isa = PBXFileReference; explicitFileType = undefined; fileEncoding = 9; includeInIndex = 0; lastKnownFileType = unknown; name = FontAwesome5_Solid.ttf; path = "../node_modules/react-native-vector-icons/Fonts/FontAwesome5_Solid.ttf"; sourceTree = "<group>"; };
		324B4181234846319E2EA4F0 /* AvenirNextLTPro-Regular.otf */ = {isa = PBXFileReference; explicitFileType = undefined; fileEncoding = 9; includeInIndex = 0; lastKnownFileType = unknown; name = "AvenirNextLTPro-Regular.otf"; path = "../assets/fonts/AvenirNextLTPro-Regular.otf"; sourceTree = "<group>"; };
		3525DBA60647D443F0E9B2C4 /* Pods-TilavivGrill.release.xcconfig */ = {isa = PBXFileReference; includeInIndex = 1; lastKnownFileType = text.xcconfig; name = "Pods-TilavivGrill.release.xcconfig"; path = "Target Support Files/Pods-TilavivGrill/Pods-TilavivGrill.release.xcconfig"; sourceTree = "<group>"; };
		37C5C84FB8444D93B4822A0A /* FontAwesome5_Brands.ttf */ = {isa = PBXFileReference; explicitFileType = undefined; fileEncoding = 9; includeInIndex = 0; lastKnownFileType = unknown; name = FontAwesome5_Brands.ttf; path = "../node_modules/react-native-vector-icons/Fonts/FontAwesome5_Brands.ttf"; sourceTree = "<group>"; };
		398767A3DB3443C482947CBB /* Entypo.ttf */ = {isa = PBXFileReference; explicitFileType = undefined; fileEncoding = 9; includeInIndex = 0; lastKnownFileType = unknown; name = Entypo.ttf; path = "../node_modules/react-native-vector-icons/Fonts/Entypo.ttf"; sourceTree = "<group>"; };
		42D9A1BF14DD4B2D8B33F4F5 /* EncodeSans-Medium.ttf */ = {isa = PBXFileReference; explicitFileType = undefined; fileEncoding = 9; includeInIndex = 0; lastKnownFileType = unknown; name = "EncodeSans-Medium.ttf"; path = "../assets/fonts/EncodeSans-Medium.ttf"; sourceTree = "<group>"; };
		446A303D9B1A43D0A8DF63E9 /* SimpleLineIcons.ttf */ = {isa = PBXFileReference; explicitFileType = undefined; fileEncoding = 9; includeInIndex = 0; lastKnownFileType = unknown; name = SimpleLineIcons.ttf; path = "../node_modules/react-native-vector-icons/Fonts/SimpleLineIcons.ttf"; sourceTree = "<group>"; };
		4557522215D3199957F67C8C /* Pods-TilavivGrillTests.release.xcconfig */ = {isa = PBXFileReference; includeInIndex = 1; lastKnownFileType = text.xcconfig; name = "Pods-TilavivGrillTests.release.xcconfig"; path = "Target Support Files/Pods-TilavivGrillTests/Pods-TilavivGrillTests.release.xcconfig"; sourceTree = "<group>"; };
		468C6DA1C54349B7ACCD7072 /* FontAwesome5_Regular.ttf */ = {isa = PBXFileReference; explicitFileType = undefined; fileEncoding = 9; includeInIndex = 0; lastKnownFileType = unknown; name = FontAwesome5_Regular.ttf; path = "../node_modules/react-native-vector-icons/Fonts/FontAwesome5_Regular.ttf"; sourceTree = "<group>"; };
		49ADDD14BE3547E6814B1DBB /* Lato-Regular.ttf */ = {isa = PBXFileReference; explicitFileType = undefined; fileEncoding = 9; includeInIndex = 0; lastKnownFileType = unknown; name = "Lato-Regular.ttf"; path = "../assets/fonts/Lato-Regular.ttf"; sourceTree = "<group>"; };
		4EB72E272F9646C9BCD9A074 /* EvilIcons.ttf */ = {isa = PBXFileReference; explicitFileType = undefined; fileEncoding = 9; includeInIndex = 0; lastKnownFileType = unknown; name = EvilIcons.ttf; path = "../node_modules/react-native-vector-icons/Fonts/EvilIcons.ttf"; sourceTree = "<group>"; };
		4F3557BDD84F521744D99DE7 /* Pods-TilavivGrill-tvOS.debug.xcconfig */ = {isa = PBXFileReference; includeInIndex = 1; lastKnownFileType = text.xcconfig; name = "Pods-TilavivGrill-tvOS.debug.xcconfig"; path = "Target Support Files/Pods-TilavivGrill-tvOS/Pods-TilavivGrill-tvOS.debug.xcconfig"; sourceTree = "<group>"; };
		4FEC729E8492661D7091F844 /* libPods-TilavivGrill.a */ = {isa = PBXFileReference; explicitFileType = archive.ar; includeInIndex = 0; path = "libPods-TilavivGrill.a"; sourceTree = BUILT_PRODUCTS_DIR; };
		50806DBEDEE18B325AEF1300 /* Pods-TilavivGrillTests.debug.xcconfig */ = {isa = PBXFileReference; includeInIndex = 1; lastKnownFileType = text.xcconfig; name = "Pods-TilavivGrillTests.debug.xcconfig"; path = "Target Support Files/Pods-TilavivGrillTests/Pods-TilavivGrillTests.debug.xcconfig"; sourceTree = "<group>"; };
		511F1295A7F046929C771BED /* Lato-Bold.ttf */ = {isa = PBXFileReference; explicitFileType = undefined; fileEncoding = 9; includeInIndex = 0; lastKnownFileType = unknown; name = "Lato-Bold.ttf"; path = "../assets/fonts/Lato-Bold.ttf"; sourceTree = "<group>"; };
		61C7CC36424E3BCC6D2AC32A /* Pods-TilavivGrill-tvOSTests.debug.xcconfig */ = {isa = PBXFileReference; includeInIndex = 1; lastKnownFileType = text.xcconfig; name = "Pods-TilavivGrill-tvOSTests.debug.xcconfig"; path = "Target Support Files/Pods-TilavivGrill-tvOSTests/Pods-TilavivGrill-tvOSTests.debug.xcconfig"; sourceTree = "<group>"; };
		64F9B96E77884441B6011B8F /* Fontisto.ttf */ = {isa = PBXFileReference; explicitFileType = undefined; fileEncoding = 9; includeInIndex = 0; lastKnownFileType = unknown; name = Fontisto.ttf; path = "../node_modules/react-native-vector-icons/Fonts/Fontisto.ttf"; sourceTree = "<group>"; };
		6870AF84CFF9490F86742AB2 /* VarelaRound-Regular.ttf */ = {isa = PBXFileReference; explicitFileType = undefined; fileEncoding = 9; includeInIndex = 0; lastKnownFileType = unknown; name = "VarelaRound-Regular.ttf"; path = "../assets/fonts/VarelaRound-Regular.ttf"; sourceTree = "<group>"; };
		6905884C255240DD895BA075 /* AvenirNextLTPro-Demi.otf */ = {isa = PBXFileReference; explicitFileType = undefined; fileEncoding = 9; includeInIndex = 0; lastKnownFileType = unknown; name = "AvenirNextLTPro-Demi.otf"; path = "../assets/fonts/AvenirNextLTPro-Demi.otf"; sourceTree = "<group>"; };
		7011190A8A0C4B0E9A5A9E1B /* Ionicons.ttf */ = {isa = PBXFileReference; explicitFileType = undefined; fileEncoding = 9; includeInIndex = 0; lastKnownFileType = unknown; name = Ionicons.ttf; path = "../node_modules/react-native-vector-icons/Fonts/Ionicons.ttf"; sourceTree = "<group>"; };
		7027F9FEE0B7469C8BF5E800 /* EncodeSans-Regular.ttf */ = {isa = PBXFileReference; explicitFileType = undefined; fileEncoding = 9; includeInIndex = 0; lastKnownFileType = unknown; name = "EncodeSans-Regular.ttf"; path = "../assets/fonts/EncodeSans-Regular.ttf"; sourceTree = "<group>"; };
		756E0BE4B2BEFCCD56D19F91 /* Pods-TilavivGrill-tvOS.release.xcconfig */ = {isa = PBXFileReference; includeInIndex = 1; lastKnownFileType = text.xcconfig; name = "Pods-TilavivGrill-tvOS.release.xcconfig"; path = "Target Support Files/Pods-TilavivGrill-tvOS/Pods-TilavivGrill-tvOS.release.xcconfig"; sourceTree = "<group>"; };
		7E02BB6FB32C48C7865DBAF1 /* VERDANA.TTF */ = {isa = PBXFileReference; explicitFileType = undefined; fileEncoding = 9; includeInIndex = 0; lastKnownFileType = unknown; name = VERDANA.TTF; path = ../assets/fonts/VERDANA.TTF; sourceTree = "<group>"; };
		7E7ADC6188DF4FEDA2D57535 /* EncodeSans-SemiBold.ttf */ = {isa = PBXFileReference; explicitFileType = undefined; fileEncoding = 9; includeInIndex = 0; lastKnownFileType = unknown; name = "EncodeSans-SemiBold.ttf"; path = "../assets/fonts/EncodeSans-SemiBold.ttf"; sourceTree = "<group>"; };
		832ED0EC282646AFB076C105 /* MaterialCommunityIcons.ttf */ = {isa = PBXFileReference; explicitFileType = undefined; fileEncoding = 9; includeInIndex = 0; lastKnownFileType = unknown; name = MaterialCommunityIcons.ttf; path = "../node_modules/react-native-vector-icons/Fonts/MaterialCommunityIcons.ttf"; sourceTree = "<group>"; };
		8F0388734A494144838090A2 /* AvenirNextLTPro-UltLtCn.otf */ = {isa = PBXFileReference; explicitFileType = undefined; fileEncoding = 9; includeInIndex = 0; lastKnownFileType = unknown; name = "AvenirNextLTPro-UltLtCn.otf"; path = "../assets/fonts/AvenirNextLTPro-UltLtCn.otf"; sourceTree = "<group>"; };
		967A067F434F48CD9A6A628F /* MaterialIcons.ttf */ = {isa = PBXFileReference; explicitFileType = undefined; fileEncoding = 9; includeInIndex = 0; lastKnownFileType = unknown; name = MaterialIcons.ttf; path = "../node_modules/react-native-vector-icons/Fonts/MaterialIcons.ttf"; sourceTree = "<group>"; };
		9939A87E83C349F9A8604E59 /* Montserrat-Light.ttf */ = {isa = PBXFileReference; explicitFileType = undefined; fileEncoding = 9; includeInIndex = 0; lastKnownFileType = unknown; name = "Montserrat-Light.ttf"; path = "../assets/fonts/Montserrat-Light.ttf"; sourceTree = "<group>"; };
		9E13B434AC1A486D9B6F1CAD /* AvenirNextLTPro-MediumCn.otf */ = {isa = PBXFileReference; explicitFileType = undefined; fileEncoding = 9; includeInIndex = 0; lastKnownFileType = unknown; name = "AvenirNextLTPro-MediumCn.otf"; path = "../assets/fonts/AvenirNextLTPro-MediumCn.otf"; sourceTree = "<group>"; };
		A2438E70CC0E538971C3C689 /* libPods-TilavivGrillTests.a */ = {isa = PBXFileReference; explicitFileType = archive.ar; includeInIndex = 0; path = "libPods-TilavivGrillTests.a"; sourceTree = BUILT_PRODUCTS_DIR; };
		B23F37AA97DC08DE6A5C7F5C /* Pods-TilavivGrill.debug.xcconfig */ = {isa = PBXFileReference; includeInIndex = 1; lastKnownFileType = text.xcconfig; name = "Pods-TilavivGrill.debug.xcconfig"; path = "Target Support Files/Pods-TilavivGrill/Pods-TilavivGrill.debug.xcconfig"; sourceTree = "<group>"; };
		B58F8C547AD44EC38E5531F0 /* Lato-Light.ttf */ = {isa = PBXFileReference; explicitFileType = undefined; fileEncoding = 9; includeInIndex = 0; lastKnownFileType = unknown; name = "Lato-Light.ttf"; path = "../assets/fonts/Lato-Light.ttf"; sourceTree = "<group>"; };
		BA0118B5927246689BC40A1A /* Zocial.ttf */ = {isa = PBXFileReference; explicitFileType = undefined; fileEncoding = 9; includeInIndex = 0; lastKnownFileType = unknown; name = Zocial.ttf; path = "../node_modules/react-native-vector-icons/Fonts/Zocial.ttf"; sourceTree = "<group>"; };
		C0FAD850BD1B41ECB39583CB /* AntDesign.ttf */ = {isa = PBXFileReference; explicitFileType = undefined; fileEncoding = 9; includeInIndex = 0; lastKnownFileType = unknown; name = AntDesign.ttf; path = "../node_modules/react-native-vector-icons/Fonts/AntDesign.ttf"; sourceTree = "<group>"; };
		C53167AE9ADD4E99934A3434 /* AvenirNextLTPro-Bold.otf */ = {isa = PBXFileReference; explicitFileType = undefined; fileEncoding = 9; includeInIndex = 0; lastKnownFileType = unknown; name = "AvenirNextLTPro-Bold.otf"; path = "../assets/fonts/AvenirNextLTPro-Bold.otf"; sourceTree = "<group>"; };
		CC4EDEC2C3AC494ABE129F7B /* EncodeSans-Bold.ttf */ = {isa = PBXFileReference; explicitFileType = undefined; fileEncoding = 9; includeInIndex = 0; lastKnownFileType = unknown; name = "EncodeSans-Bold.ttf"; path = "../assets/fonts/EncodeSans-Bold.ttf"; sourceTree = "<group>"; };
		ED297162215061F000B7C4FE /* JavaScriptCore.framework */ = {isa = PBXFileReference; lastKnownFileType = wrapper.framework; name = JavaScriptCore.framework; path = System/Library/Frameworks/JavaScriptCore.framework; sourceTree = SDKROOT; };
		ED2971642150620600B7C4FE /* JavaScriptCore.framework */ = {isa = PBXFileReference; lastKnownFileType = wrapper.framework; name = JavaScriptCore.framework; path = Platforms/AppleTVOS.platform/Developer/SDKs/AppleTVOS12.0.sdk/System/Library/Frameworks/JavaScriptCore.framework; sourceTree = DEVELOPER_DIR; };
		F4BCDE77DC234C5CABC33F57 /* FontAwesome.ttf */ = {isa = PBXFileReference; explicitFileType = undefined; fileEncoding = 9; includeInIndex = 0; lastKnownFileType = unknown; name = FontAwesome.ttf; path = "../node_modules/react-native-vector-icons/Fonts/FontAwesome.ttf"; sourceTree = "<group>"; };
		FA3460CD2E2C4F009D2DDC2E /* AvenirNextLTPro-BoldCn.otf */ = {isa = PBXFileReference; explicitFileType = undefined; fileEncoding = 9; includeInIndex = 0; lastKnownFileType = unknown; name = "AvenirNextLTPro-BoldCn.otf"; path = "../assets/fonts/AvenirNextLTPro-BoldCn.otf"; sourceTree = "<group>"; };
		FC23479A29B0454CB82C230E /* Octicons.ttf */ = {isa = PBXFileReference; explicitFileType = undefined; fileEncoding = 9; includeInIndex = 0; lastKnownFileType = unknown; name = Octicons.ttf; path = "../node_modules/react-native-vector-icons/Fonts/Octicons.ttf"; sourceTree = "<group>"; };
/* End PBXFileReference section */

/* Begin PBXFrameworksBuildPhase section */
		00E356EB1AD99517003FC87E /* Frameworks */ = {
			isa = PBXFrameworksBuildPhase;
			buildActionMask = 2147483647;
			files = (
				D321B2C70EF8CF15236FF387 /* libPods-TilavivGrillTests.a in Frameworks */,
			);
			runOnlyForDeploymentPostprocessing = 0;
		};
		13B07F8C1A680F5B00A75B9A /* Frameworks */ = {
			isa = PBXFrameworksBuildPhase;
			buildActionMask = 2147483647;
			files = (
				DEED92CD6B6B5D88CB310EAE /* libPods-TilavivGrill.a in Frameworks */,
			);
			runOnlyForDeploymentPostprocessing = 0;
		};
		2D02E4781E0B4A5D006451C7 /* Frameworks */ = {
			isa = PBXFrameworksBuildPhase;
			buildActionMask = 2147483647;
			files = (
				8475D174D08177A07E0F6990 /* libPods-TilavivGrill-tvOS.a in Frameworks */,
			);
			runOnlyForDeploymentPostprocessing = 0;
		};
		2D02E48D1E0B4A5D006451C7 /* Frameworks */ = {
			isa = PBXFrameworksBuildPhase;
			buildActionMask = 2147483647;
			files = (
				56ADF3BB73367C69B24C85C1 /* libPods-TilavivGrill-tvOSTests.a in Frameworks */,
			);
			runOnlyForDeploymentPostprocessing = 0;
		};
/* End PBXFrameworksBuildPhase section */

/* Begin PBXGroup section */
		00E356EF1AD99517003FC87E /* TilavivGrillTests */ = {
			isa = PBXGroup;
			children = (
				00E356F21AD99517003FC87E /* TilavivGrillTests.m */,
				00E356F01AD99517003FC87E /* Supporting Files */,
			);
			path = TilavivGrillTests;
			sourceTree = "<group>";
		};
		00E356F01AD99517003FC87E /* Supporting Files */ = {
			isa = PBXGroup;
			children = (
				00E356F11AD99517003FC87E /* Info.plist */,
			);
			name = "Supporting Files";
			sourceTree = "<group>";
		};
		13B07FAE1A68108700A75B9A /* TilavivGrill */ = {
			isa = PBXGroup;
			children = (
				1849CE7823DDED1F00140C2E /* GoogleService-Info.plist */,
				008F07F21AC5B25A0029DE68 /* main.jsbundle */,
				13B07FAF1A68108700A75B9A /* AppDelegate.h */,
				13B07FB01A68108700A75B9A /* AppDelegate.m */,
				13B07FB51A68108700A75B9A /* Images.xcassets */,
				13B07FB61A68108700A75B9A /* Info.plist */,
				13B07FB11A68108700A75B9A /* LaunchScreen.xib */,
				13B07FB71A68108700A75B9A /* main.m */,
			);
			name = TilavivGrill;
			sourceTree = "<group>";
		};
		1849CE7A23DE09E900140C2E /* Fonts */ = {
			isa = PBXGroup;
			children = (
				1849CE8723DE0A8300140C2E /* AntDesign.ttf */,
				1849CE7D23DE0A8200140C2E /* Entypo.ttf */,
				1849CE7F23DE0A8200140C2E /* EvilIcons.ttf */,
				1849CE8823DE0A8300140C2E /* Feather.ttf */,
				1849CE8123DE0A8200140C2E /* FontAwesome.ttf */,
				1849CE8623DE0A8300140C2E /* FontAwesome5_Brands.ttf */,
				1849CE8023DE0A8200140C2E /* FontAwesome5_Regular.ttf */,
				1849CE8223DE0A8200140C2E /* FontAwesome5_Solid.ttf */,
				1849CE8A23DE0A8300140C2E /* Fontisto.ttf */,
				1849CE8323DE0A8200140C2E /* Foundation.ttf */,
				1849CE8923DE0A8300140C2E /* Ionicons.ttf */,
				1849CE8523DE0A8200140C2E /* MaterialCommunityIcons.ttf */,
				1849CE7B23DE0A8200140C2E /* MaterialIcons.ttf */,
				1849CE7C23DE0A8200140C2E /* Octicons.ttf */,
				1849CE8423DE0A8200140C2E /* SimpleLineIcons.ttf */,
				1849CE7E23DE0A8200140C2E /* Zocial.ttf */,
			);
			path = Fonts;
			sourceTree = "<group>";
		};
		2D16E6871FA4F8E400B85C8A /* Frameworks */ = {
			isa = PBXGroup;
			children = (
				ED297162215061F000B7C4FE /* JavaScriptCore.framework */,
				ED2971642150620600B7C4FE /* JavaScriptCore.framework */,
				4FEC729E8492661D7091F844 /* libPods-TilavivGrill.a */,
				21AFF286964392CA447B82B6 /* libPods-TilavivGrill-tvOS.a */,
				2FC394EB32E06197A85AA21B /* libPods-TilavivGrill-tvOSTests.a */,
				A2438E70CC0E538971C3C689 /* libPods-TilavivGrillTests.a */,
			);
			name = Frameworks;
			sourceTree = "<group>";
		};
		832341AE1AAA6A7D00B99B32 /* Libraries */ = {
			isa = PBXGroup;
			children = (
			);
			name = Libraries;
			sourceTree = "<group>";
		};
		83CBB9F61A601CBA00E9B192 = {
			isa = PBXGroup;
			children = (
				1849CE7A23DE09E900140C2E /* Fonts */,
				13B07FAE1A68108700A75B9A /* TilavivGrill */,
				832341AE1AAA6A7D00B99B32 /* Libraries */,
				00E356EF1AD99517003FC87E /* TilavivGrillTests */,
				83CBBA001A601CBA00E9B192 /* Products */,
				2D16E6871FA4F8E400B85C8A /* Frameworks */,
				8609B6C1B25C407088C8D35E /* Resources */,
				D8827DAE617E412C9756707C /* Pods */,
			);
			indentWidth = 2;
			sourceTree = "<group>";
			tabWidth = 2;
			usesTabs = 0;
		};
		83CBBA001A601CBA00E9B192 /* Products */ = {
			isa = PBXGroup;
			children = (
				13B07F961A680F5B00A75B9A /* TilavivGrill.app */,
				00E356EE1AD99517003FC87E /* TilavivGrillTests.xctest */,
				2D02E47B1E0B4A5D006451C7 /* TilavivGrill-tvOS.app */,
				2D02E4901E0B4A5D006451C7 /* TilavivGrill-tvOSTests.xctest */,
			);
			name = Products;
			sourceTree = "<group>";
		};
		8609B6C1B25C407088C8D35E /* Resources */ = {
			isa = PBXGroup;
			children = (
				C53167AE9ADD4E99934A3434 /* AvenirNextLTPro-Bold.otf */,
				FA3460CD2E2C4F009D2DDC2E /* AvenirNextLTPro-BoldCn.otf */,
				040D997721A4414DA1300BBB /* AvenirNextLTPro-Cn.otf */,
				6905884C255240DD895BA075 /* AvenirNextLTPro-Demi.otf */,
				100BD087D1C9456F9D8B3008 /* AvenirNextLTPro-DemiCn.otf */,
				9E13B434AC1A486D9B6F1CAD /* AvenirNextLTPro-MediumCn.otf */,
				324B4181234846319E2EA4F0 /* AvenirNextLTPro-Regular.otf */,
				8F0388734A494144838090A2 /* AvenirNextLTPro-UltLtCn.otf */,
				CC4EDEC2C3AC494ABE129F7B /* EncodeSans-Bold.ttf */,
				42D9A1BF14DD4B2D8B33F4F5 /* EncodeSans-Medium.ttf */,
				7027F9FEE0B7469C8BF5E800 /* EncodeSans-Regular.ttf */,
				7E7ADC6188DF4FEDA2D57535 /* EncodeSans-SemiBold.ttf */,
				511F1295A7F046929C771BED /* Lato-Bold.ttf */,
				B58F8C547AD44EC38E5531F0 /* Lato-Light.ttf */,
				49ADDD14BE3547E6814B1DBB /* Lato-Regular.ttf */,
				9939A87E83C349F9A8604E59 /* Montserrat-Light.ttf */,
				6870AF84CFF9490F86742AB2 /* VarelaRound-Regular.ttf */,
				7E02BB6FB32C48C7865DBAF1 /* VERDANA.TTF */,
				C0FAD850BD1B41ECB39583CB /* AntDesign.ttf */,
				398767A3DB3443C482947CBB /* Entypo.ttf */,
				4EB72E272F9646C9BCD9A074 /* EvilIcons.ttf */,
				00C9D5A768DE4BA4846646DD /* Feather.ttf */,
				F4BCDE77DC234C5CABC33F57 /* FontAwesome.ttf */,
				37C5C84FB8444D93B4822A0A /* FontAwesome5_Brands.ttf */,
				468C6DA1C54349B7ACCD7072 /* FontAwesome5_Regular.ttf */,
				2FCAFFDC75FC44E295B20EA6 /* FontAwesome5_Solid.ttf */,
				64F9B96E77884441B6011B8F /* Fontisto.ttf */,
				142280B846874461B1079498 /* Foundation.ttf */,
				7011190A8A0C4B0E9A5A9E1B /* Ionicons.ttf */,
				832ED0EC282646AFB076C105 /* MaterialCommunityIcons.ttf */,
				967A067F434F48CD9A6A628F /* MaterialIcons.ttf */,
				FC23479A29B0454CB82C230E /* Octicons.ttf */,
				446A303D9B1A43D0A8DF63E9 /* SimpleLineIcons.ttf */,
				BA0118B5927246689BC40A1A /* Zocial.ttf */,
			);
			name = Resources;
			sourceTree = "<group>";
		};
		D8827DAE617E412C9756707C /* Pods */ = {
			isa = PBXGroup;
			children = (
				B23F37AA97DC08DE6A5C7F5C /* Pods-TilavivGrill.debug.xcconfig */,
				3525DBA60647D443F0E9B2C4 /* Pods-TilavivGrill.release.xcconfig */,
				4F3557BDD84F521744D99DE7 /* Pods-TilavivGrill-tvOS.debug.xcconfig */,
				756E0BE4B2BEFCCD56D19F91 /* Pods-TilavivGrill-tvOS.release.xcconfig */,
				61C7CC36424E3BCC6D2AC32A /* Pods-TilavivGrill-tvOSTests.debug.xcconfig */,
				2892DE5906BFF75AD22836F9 /* Pods-TilavivGrill-tvOSTests.release.xcconfig */,
				50806DBEDEE18B325AEF1300 /* Pods-TilavivGrillTests.debug.xcconfig */,
				4557522215D3199957F67C8C /* Pods-TilavivGrillTests.release.xcconfig */,
			);
			path = Pods;
			sourceTree = "<group>";
		};
/* End PBXGroup section */

/* Begin PBXNativeTarget section */
		00E356ED1AD99517003FC87E /* TilavivGrillTests */ = {
			isa = PBXNativeTarget;
			buildConfigurationList = 00E357021AD99517003FC87E /* Build configuration list for PBXNativeTarget "TilavivGrillTests" */;
			buildPhases = (
				A3F315AAA9487D6E04204D89 /* [CP] Check Pods Manifest.lock */,
				00E356EA1AD99517003FC87E /* Sources */,
				00E356EB1AD99517003FC87E /* Frameworks */,
				00E356EC1AD99517003FC87E /* Resources */,
			);
			buildRules = (
			);
			dependencies = (
				00E356F51AD99517003FC87E /* PBXTargetDependency */,
			);
			name = TilavivGrillTests;
			productName = TilavivGrillTests;
			productReference = 00E356EE1AD99517003FC87E /* TilavivGrillTests.xctest */;
			productType = "com.apple.product-type.bundle.unit-test";
		};
		13B07F861A680F5B00A75B9A /* TilavivGrill */ = {
			isa = PBXNativeTarget;
			buildConfigurationList = 13B07F931A680F5B00A75B9A /* Build configuration list for PBXNativeTarget "TilavivGrill" */;
			buildPhases = (
				D2D69C8698779E64EF1E4ABA /* [CP] Check Pods Manifest.lock */,
				FD10A7F022414F080027D42C /* Start Packager */,
				13B07F871A680F5B00A75B9A /* Sources */,
				13B07F8C1A680F5B00A75B9A /* Frameworks */,
				13B07F8E1A680F5B00A75B9A /* Resources */,
				00DD1BFF1BD5951E006B06BC /* Bundle React Native code and images */,
			);
			buildRules = (
			);
			dependencies = (
			);
			name = TilavivGrill;
			productName = TilavivGrill;
			productReference = 13B07F961A680F5B00A75B9A /* TilavivGrill.app */;
			productType = "com.apple.product-type.application";
		};
		2D02E47A1E0B4A5D006451C7 /* TilavivGrill-tvOS */ = {
			isa = PBXNativeTarget;
			buildConfigurationList = 2D02E4BA1E0B4A5E006451C7 /* Build configuration list for PBXNativeTarget "TilavivGrill-tvOS" */;
			buildPhases = (
				B7182184BF82FEDCA250E5BB /* [CP] Check Pods Manifest.lock */,
				FD10A7F122414F3F0027D42C /* Start Packager */,
				2D02E4771E0B4A5D006451C7 /* Sources */,
				2D02E4781E0B4A5D006451C7 /* Frameworks */,
				2D02E4791E0B4A5D006451C7 /* Resources */,
				2D02E4CB1E0B4B27006451C7 /* Bundle React Native Code And Images */,
			);
			buildRules = (
			);
			dependencies = (
			);
			name = "TilavivGrill-tvOS";
			productName = "TilavivGrill-tvOS";
			productReference = 2D02E47B1E0B4A5D006451C7 /* TilavivGrill-tvOS.app */;
			productType = "com.apple.product-type.application";
		};
		2D02E48F1E0B4A5D006451C7 /* TilavivGrill-tvOSTests */ = {
			isa = PBXNativeTarget;
			buildConfigurationList = 2D02E4BB1E0B4A5E006451C7 /* Build configuration list for PBXNativeTarget "TilavivGrill-tvOSTests" */;
			buildPhases = (
				86482CCA0C5A6C0A34221238 /* [CP] Check Pods Manifest.lock */,
				2D02E48C1E0B4A5D006451C7 /* Sources */,
				2D02E48D1E0B4A5D006451C7 /* Frameworks */,
				2D02E48E1E0B4A5D006451C7 /* Resources */,
			);
			buildRules = (
			);
			dependencies = (
				2D02E4921E0B4A5D006451C7 /* PBXTargetDependency */,
			);
			name = "TilavivGrill-tvOSTests";
			productName = "TilavivGrill-tvOSTests";
			productReference = 2D02E4901E0B4A5D006451C7 /* TilavivGrill-tvOSTests.xctest */;
			productType = "com.apple.product-type.bundle.unit-test";
		};
/* End PBXNativeTarget section */

/* Begin PBXProject section */
		83CBB9F71A601CBA00E9B192 /* Project object */ = {
			isa = PBXProject;
			attributes = {
				LastUpgradeCheck = 940;
				ORGANIZATIONNAME = Facebook;
				TargetAttributes = {
					00E356ED1AD99517003FC87E = {
						CreatedOnToolsVersion = 6.2;
						TestTargetID = 13B07F861A680F5B00A75B9A;
					};
					13B07F861A680F5B00A75B9A = {
						ProvisioningStyle = Automatic;
					};
					2D02E47A1E0B4A5D006451C7 = {
						CreatedOnToolsVersion = 8.2.1;
						ProvisioningStyle = Automatic;
					};
					2D02E48F1E0B4A5D006451C7 = {
						CreatedOnToolsVersion = 8.2.1;
						ProvisioningStyle = Automatic;
						TestTargetID = 2D02E47A1E0B4A5D006451C7;
					};
				};
			};
			buildConfigurationList = 83CBB9FA1A601CBA00E9B192 /* Build configuration list for PBXProject "TilavivGrill" */;
			compatibilityVersion = "Xcode 3.2";
			developmentRegion = English;
			hasScannedForEncodings = 0;
			knownRegions = (
				English,
				en,
				Base,
			);
			mainGroup = 83CBB9F61A601CBA00E9B192;
			productRefGroup = 83CBBA001A601CBA00E9B192 /* Products */;
			projectDirPath = "";
			projectRoot = "";
			targets = (
				13B07F861A680F5B00A75B9A /* TilavivGrill */,
				00E356ED1AD99517003FC87E /* TilavivGrillTests */,
				2D02E47A1E0B4A5D006451C7 /* TilavivGrill-tvOS */,
				2D02E48F1E0B4A5D006451C7 /* TilavivGrill-tvOSTests */,
			);
		};
/* End PBXProject section */

/* Begin PBXResourcesBuildPhase section */
		00E356EC1AD99517003FC87E /* Resources */ = {
			isa = PBXResourcesBuildPhase;
			buildActionMask = 2147483647;
			files = (
			);
			runOnlyForDeploymentPostprocessing = 0;
		};
		13B07F8E1A680F5B00A75B9A /* Resources */ = {
			isa = PBXResourcesBuildPhase;
			buildActionMask = 2147483647;
			files = (
				13B07FBF1A68108700A75B9A /* Images.xcassets in Resources */,
				13B07FBD1A68108700A75B9A /* LaunchScreen.xib in Resources */,
				A7CAD1CCBF8C42D4AEEAEE69 /* AvenirNextLTPro-Bold.otf in Resources */,
				BC43948B894F4234B2B357BA /* AvenirNextLTPro-BoldCn.otf in Resources */,
				58436920217B43B0B783DB0B /* AvenirNextLTPro-Cn.otf in Resources */,
				98006A4ED9D046FCBDA03044 /* AvenirNextLTPro-Demi.otf in Resources */,
				1849CE7923DDED1F00140C2E /* GoogleService-Info.plist in Resources */,
				9BA85B860C094C9B92D5DBC0 /* AvenirNextLTPro-DemiCn.otf in Resources */,
				86858F1F07B44F0789FB18B4 /* AvenirNextLTPro-MediumCn.otf in Resources */,
				CD08D2683D564814863498A4 /* AvenirNextLTPro-Regular.otf in Resources */,
				079DB6E393014CBAACC9740E /* AvenirNextLTPro-UltLtCn.otf in Resources */,
				7F35739476594D6C8350BBA1 /* EncodeSans-Bold.ttf in Resources */,
				28992DD6327E45F5A7771ABA /* EncodeSans-Medium.ttf in Resources */,
				B4B28AFB4D3949419E2990EE /* EncodeSans-Regular.ttf in Resources */,
				D1895CAE1F7C4D1D9C89BF0C /* EncodeSans-SemiBold.ttf in Resources */,
				7461A5189DAA4728A17970CA /* Lato-Bold.ttf in Resources */,
				68B3D340CAAB408C895CA8FE /* Lato-Light.ttf in Resources */,
				731DE2B115E546D5A49E1257 /* Lato-Regular.ttf in Resources */,
				624F6C457C34413483F8E189 /* Montserrat-Light.ttf in Resources */,
				81F2F71F142147B789448350 /* VarelaRound-Regular.ttf in Resources */,
				40C1E8AA4CA34F20AAA5F602 /* VERDANA.TTF in Resources */,
				B7264FE3148D474FAF4949E9 /* AntDesign.ttf in Resources */,
				F64EEB984F2C41C0A13E36A0 /* Entypo.ttf in Resources */,
				D4D4D82620034F22B2746519 /* EvilIcons.ttf in Resources */,
				2625715083C54777A81A6487 /* Feather.ttf in Resources */,
				0BE9EBD11DBD4100AB59E15C /* FontAwesome.ttf in Resources */,
				0B998C3C57FF4BFBA1FB3A48 /* FontAwesome5_Brands.ttf in Resources */,
				A4E12076450C477B9C3F11F8 /* FontAwesome5_Regular.ttf in Resources */,
				A98FEE743FEB462BAF57CA25 /* FontAwesome5_Solid.ttf in Resources */,
				4A9D5FABBEE344098F2849CE /* Fontisto.ttf in Resources */,
				EC222FDD4F014131811865A2 /* Foundation.ttf in Resources */,
				39D1E77B574C49BCADA4C8F9 /* Ionicons.ttf in Resources */,
				9F077AEAD1064912A7D5B072 /* MaterialCommunityIcons.ttf in Resources */,
				3CE0E61112574349BCD97B83 /* MaterialIcons.ttf in Resources */,
				8E6CC59EACF641FDBB80FE04 /* Octicons.ttf in Resources */,
				397CD40EAB8D4BABA1366FA8 /* SimpleLineIcons.ttf in Resources */,
				6E27CA5AE50B49DBA139300B /* Zocial.ttf in Resources */,
			);
			runOnlyForDeploymentPostprocessing = 0;
		};
		2D02E4791E0B4A5D006451C7 /* Resources */ = {
			isa = PBXResourcesBuildPhase;
			buildActionMask = 2147483647;
			files = (
				2D02E4BD1E0B4A84006451C7 /* Images.xcassets in Resources */,
			);
			runOnlyForDeploymentPostprocessing = 0;
		};
		2D02E48E1E0B4A5D006451C7 /* Resources */ = {
			isa = PBXResourcesBuildPhase;
			buildActionMask = 2147483647;
			files = (
			);
			runOnlyForDeploymentPostprocessing = 0;
		};
/* End PBXResourcesBuildPhase section */

/* Begin PBXShellScriptBuildPhase section */
		00DD1BFF1BD5951E006B06BC /* Bundle React Native code and images */ = {
			isa = PBXShellScriptBuildPhase;
			buildActionMask = 2147483647;
			files = (
			);
			inputPaths = (
			);
			name = "Bundle React Native code and images";
			outputPaths = (
			);
			runOnlyForDeploymentPostprocessing = 0;
			shellPath = /bin/sh;
			shellScript = "export NODE_BINARY=node\n../node_modules/react-native/scripts/react-native-xcode.sh";
		};
		2D02E4CB1E0B4B27006451C7 /* Bundle React Native Code And Images */ = {
			isa = PBXShellScriptBuildPhase;
			buildActionMask = 2147483647;
			files = (
			);
			inputPaths = (
			);
			name = "Bundle React Native Code And Images";
			outputPaths = (
			);
			runOnlyForDeploymentPostprocessing = 0;
			shellPath = /bin/sh;
			shellScript = "export NODE_BINARY=node\n../node_modules/react-native/scripts/react-native-xcode.sh";
		};
		86482CCA0C5A6C0A34221238 /* [CP] Check Pods Manifest.lock */ = {
			isa = PBXShellScriptBuildPhase;
			buildActionMask = 2147483647;
			files = (
			);
			inputFileListPaths = (
			);
			inputPaths = (
				"${PODS_PODFILE_DIR_PATH}/Podfile.lock",
				"${PODS_ROOT}/Manifest.lock",
			);
			name = "[CP] Check Pods Manifest.lock";
			outputFileListPaths = (
			);
			outputPaths = (
				"$(DERIVED_FILE_DIR)/Pods-TilavivGrill-tvOSTests-checkManifestLockResult.txt",
			);
			runOnlyForDeploymentPostprocessing = 0;
			shellPath = /bin/sh;
			shellScript = "diff \"${PODS_PODFILE_DIR_PATH}/Podfile.lock\" \"${PODS_ROOT}/Manifest.lock\" > /dev/null\nif [ $? != 0 ] ; then\n    # print error to STDERR\n    echo \"error: The sandbox is not in sync with the Podfile.lock. Run 'pod install' or update your CocoaPods installation.\" >&2\n    exit 1\nfi\n# This output is used by Xcode 'outputs' to avoid re-running this script phase.\necho \"SUCCESS\" > \"${SCRIPT_OUTPUT_FILE_0}\"\n";
			showEnvVarsInLog = 0;
		};
		A3F315AAA9487D6E04204D89 /* [CP] Check Pods Manifest.lock */ = {
			isa = PBXShellScriptBuildPhase;
			buildActionMask = 2147483647;
			files = (
			);
			inputFileListPaths = (
			);
			inputPaths = (
				"${PODS_PODFILE_DIR_PATH}/Podfile.lock",
				"${PODS_ROOT}/Manifest.lock",
			);
			name = "[CP] Check Pods Manifest.lock";
			outputFileListPaths = (
			);
			outputPaths = (
				"$(DERIVED_FILE_DIR)/Pods-TilavivGrillTests-checkManifestLockResult.txt",
			);
			runOnlyForDeploymentPostprocessing = 0;
			shellPath = /bin/sh;
			shellScript = "diff \"${PODS_PODFILE_DIR_PATH}/Podfile.lock\" \"${PODS_ROOT}/Manifest.lock\" > /dev/null\nif [ $? != 0 ] ; then\n    # print error to STDERR\n    echo \"error: The sandbox is not in sync with the Podfile.lock. Run 'pod install' or update your CocoaPods installation.\" >&2\n    exit 1\nfi\n# This output is used by Xcode 'outputs' to avoid re-running this script phase.\necho \"SUCCESS\" > \"${SCRIPT_OUTPUT_FILE_0}\"\n";
			showEnvVarsInLog = 0;
		};
		B7182184BF82FEDCA250E5BB /* [CP] Check Pods Manifest.lock */ = {
			isa = PBXShellScriptBuildPhase;
			buildActionMask = 2147483647;
			files = (
			);
			inputFileListPaths = (
			);
			inputPaths = (
				"${PODS_PODFILE_DIR_PATH}/Podfile.lock",
				"${PODS_ROOT}/Manifest.lock",
			);
			name = "[CP] Check Pods Manifest.lock";
			outputFileListPaths = (
			);
			outputPaths = (
				"$(DERIVED_FILE_DIR)/Pods-TilavivGrill-tvOS-checkManifestLockResult.txt",
			);
			runOnlyForDeploymentPostprocessing = 0;
			shellPath = /bin/sh;
			shellScript = "diff \"${PODS_PODFILE_DIR_PATH}/Podfile.lock\" \"${PODS_ROOT}/Manifest.lock\" > /dev/null\nif [ $? != 0 ] ; then\n    # print error to STDERR\n    echo \"error: The sandbox is not in sync with the Podfile.lock. Run 'pod install' or update your CocoaPods installation.\" >&2\n    exit 1\nfi\n# This output is used by Xcode 'outputs' to avoid re-running this script phase.\necho \"SUCCESS\" > \"${SCRIPT_OUTPUT_FILE_0}\"\n";
			showEnvVarsInLog = 0;
		};
		D2D69C8698779E64EF1E4ABA /* [CP] Check Pods Manifest.lock */ = {
			isa = PBXShellScriptBuildPhase;
			buildActionMask = 2147483647;
			files = (
			);
			inputFileListPaths = (
			);
			inputPaths = (
				"${PODS_PODFILE_DIR_PATH}/Podfile.lock",
				"${PODS_ROOT}/Manifest.lock",
			);
			name = "[CP] Check Pods Manifest.lock";
			outputFileListPaths = (
			);
			outputPaths = (
				"$(DERIVED_FILE_DIR)/Pods-TilavivGrill-checkManifestLockResult.txt",
			);
			runOnlyForDeploymentPostprocessing = 0;
			shellPath = /bin/sh;
			shellScript = "diff \"${PODS_PODFILE_DIR_PATH}/Podfile.lock\" \"${PODS_ROOT}/Manifest.lock\" > /dev/null\nif [ $? != 0 ] ; then\n    # print error to STDERR\n    echo \"error: The sandbox is not in sync with the Podfile.lock. Run 'pod install' or update your CocoaPods installation.\" >&2\n    exit 1\nfi\n# This output is used by Xcode 'outputs' to avoid re-running this script phase.\necho \"SUCCESS\" > \"${SCRIPT_OUTPUT_FILE_0}\"\n";
			showEnvVarsInLog = 0;
		};
		FD10A7F022414F080027D42C /* Start Packager */ = {
			isa = PBXShellScriptBuildPhase;
			buildActionMask = 2147483647;
			files = (
			);
			inputFileListPaths = (
			);
			inputPaths = (
			);
			name = "Start Packager";
			outputFileListPaths = (
			);
			outputPaths = (
			);
			runOnlyForDeploymentPostprocessing = 0;
			shellPath = /bin/sh;
			shellScript = "export RCT_METRO_PORT=\"${RCT_METRO_PORT:=8081}\"\necho \"export RCT_METRO_PORT=${RCT_METRO_PORT}\" > \"${SRCROOT}/../node_modules/react-native/scripts/.packager.env\"\nif [ -z \"${RCT_NO_LAUNCH_PACKAGER+xxx}\" ] ; then\n  if nc -w 5 -z localhost ${RCT_METRO_PORT} ; then\n    if ! curl -s \"http://localhost:${RCT_METRO_PORT}/status\" | grep -q \"packager-status:running\" ; then\n      echo \"Port ${RCT_METRO_PORT} already in use, packager is either not running or not running correctly\"\n      exit 2\n    fi\n  else\n    open \"$SRCROOT/../node_modules/react-native/scripts/launchPackager.command\" || echo \"Can't start packager automatically\"\n  fi\nfi\n";
			showEnvVarsInLog = 0;
		};
		FD10A7F122414F3F0027D42C /* Start Packager */ = {
			isa = PBXShellScriptBuildPhase;
			buildActionMask = 2147483647;
			files = (
			);
			inputFileListPaths = (
			);
			inputPaths = (
			);
			name = "Start Packager";
			outputFileListPaths = (
			);
			outputPaths = (
			);
			runOnlyForDeploymentPostprocessing = 0;
			shellPath = /bin/sh;
			shellScript = "export RCT_METRO_PORT=\"${RCT_METRO_PORT:=8081}\"\necho \"export RCT_METRO_PORT=${RCT_METRO_PORT}\" > \"${SRCROOT}/../node_modules/react-native/scripts/.packager.env\"\nif [ -z \"${RCT_NO_LAUNCH_PACKAGER+xxx}\" ] ; then\n  if nc -w 5 -z localhost ${RCT_METRO_PORT} ; then\n    if ! curl -s \"http://localhost:${RCT_METRO_PORT}/status\" | grep -q \"packager-status:running\" ; then\n      echo \"Port ${RCT_METRO_PORT} already in use, packager is either not running or not running correctly\"\n      exit 2\n    fi\n  else\n    open \"$SRCROOT/../node_modules/react-native/scripts/launchPackager.command\" || echo \"Can't start packager automatically\"\n  fi\nfi\n";
			showEnvVarsInLog = 0;
		};
/* End PBXShellScriptBuildPhase section */

/* Begin PBXSourcesBuildPhase section */
		00E356EA1AD99517003FC87E /* Sources */ = {
			isa = PBXSourcesBuildPhase;
			buildActionMask = 2147483647;
			files = (
				00E356F31AD99517003FC87E /* TilavivGrillTests.m in Sources */,
			);
			runOnlyForDeploymentPostprocessing = 0;
		};
		13B07F871A680F5B00A75B9A /* Sources */ = {
			isa = PBXSourcesBuildPhase;
			buildActionMask = 2147483647;
			files = (
				13B07FBC1A68108700A75B9A /* AppDelegate.m in Sources */,
				13B07FC11A68108700A75B9A /* main.m in Sources */,
			);
			runOnlyForDeploymentPostprocessing = 0;
		};
		2D02E4771E0B4A5D006451C7 /* Sources */ = {
			isa = PBXSourcesBuildPhase;
			buildActionMask = 2147483647;
			files = (
				2D02E4BF1E0B4AB3006451C7 /* main.m in Sources */,
				2D02E4BC1E0B4A80006451C7 /* AppDelegate.m in Sources */,
			);
			runOnlyForDeploymentPostprocessing = 0;
		};
		2D02E48C1E0B4A5D006451C7 /* Sources */ = {
			isa = PBXSourcesBuildPhase;
			buildActionMask = 2147483647;
			files = (
				2DCD954D1E0B4F2C00145EB5 /* TilavivGrillTests.m in Sources */,
			);
			runOnlyForDeploymentPostprocessing = 0;
		};
/* End PBXSourcesBuildPhase section */

/* Begin PBXTargetDependency section */
		00E356F51AD99517003FC87E /* PBXTargetDependency */ = {
			isa = PBXTargetDependency;
			target = 13B07F861A680F5B00A75B9A /* TilavivGrill */;
			targetProxy = 00E356F41AD99517003FC87E /* PBXContainerItemProxy */;
		};
		2D02E4921E0B4A5D006451C7 /* PBXTargetDependency */ = {
			isa = PBXTargetDependency;
			target = 2D02E47A1E0B4A5D006451C7 /* TilavivGrill-tvOS */;
			targetProxy = 2D02E4911E0B4A5D006451C7 /* PBXContainerItemProxy */;
		};
/* End PBXTargetDependency section */

/* Begin PBXVariantGroup section */
		13B07FB11A68108700A75B9A /* LaunchScreen.xib */ = {
			isa = PBXVariantGroup;
			children = (
				13B07FB21A68108700A75B9A /* Base */,
			);
			name = LaunchScreen.xib;
			path = TilavivGrill;
			sourceTree = "<group>";
		};
/* End PBXVariantGroup section */

/* Begin XCBuildConfiguration section */
		00E356F61AD99517003FC87E /* Debug */ = {
			isa = XCBuildConfiguration;
			baseConfigurationReference = 50806DBEDEE18B325AEF1300 /* Pods-TilavivGrillTests.debug.xcconfig */;
			buildSettings = {
				BUNDLE_LOADER = "$(TEST_HOST)";
				GCC_PREPROCESSOR_DEFINITIONS = (
					"DEBUG=1",
					"$(inherited)",
				);
				INFOPLIST_FILE = TilavivGrillTests/Info.plist;
				IPHONEOS_DEPLOYMENT_TARGET = 9.0;
				LD_RUNPATH_SEARCH_PATHS = "$(inherited) @executable_path/Frameworks @loader_path/Frameworks";
				OTHER_LDFLAGS = (
					"-ObjC",
					"-lc++",
					"$(inherited)",
				);
				PRODUCT_BUNDLE_IDENTIFIER = "org.reactjs.native.example.$(PRODUCT_NAME:rfc1034identifier)";
				PRODUCT_NAME = "$(TARGET_NAME)";
				TEST_HOST = "$(BUILT_PRODUCTS_DIR)/TilavivGrill.app/TilavivGrill";
			};
			name = Debug;
		};
		00E356F71AD99517003FC87E /* Release */ = {
			isa = XCBuildConfiguration;
			baseConfigurationReference = 4557522215D3199957F67C8C /* Pods-TilavivGrillTests.release.xcconfig */;
			buildSettings = {
				BUNDLE_LOADER = "$(TEST_HOST)";
				COPY_PHASE_STRIP = NO;
				INFOPLIST_FILE = TilavivGrillTests/Info.plist;
				IPHONEOS_DEPLOYMENT_TARGET = 9.0;
				LD_RUNPATH_SEARCH_PATHS = "$(inherited) @executable_path/Frameworks @loader_path/Frameworks";
				OTHER_LDFLAGS = (
					"-ObjC",
					"-lc++",
					"$(inherited)",
				);
				PRODUCT_BUNDLE_IDENTIFIER = "org.reactjs.native.example.$(PRODUCT_NAME:rfc1034identifier)";
				PRODUCT_NAME = "$(TARGET_NAME)";
				TEST_HOST = "$(BUILT_PRODUCTS_DIR)/TilavivGrill.app/TilavivGrill";
			};
			name = Release;
		};
		13B07F941A680F5B00A75B9A /* Debug */ = {
			isa = XCBuildConfiguration;
			baseConfigurationReference = B23F37AA97DC08DE6A5C7F5C /* Pods-TilavivGrill.debug.xcconfig */;
			buildSettings = {
				ASSETCATALOG_COMPILER_APPICON_NAME = AppIcon;
				CODE_SIGN_IDENTITY = "Apple Development";
				CODE_SIGN_STYLE = Automatic;
				CURRENT_PROJECT_VERSION = 1;
				DEAD_CODE_STRIPPING = NO;
				DEVELOPMENT_TEAM = "";
				INFOPLIST_FILE = TilavivGrill/Info.plist;
				LD_RUNPATH_SEARCH_PATHS = "$(inherited) @executable_path/Frameworks";
				OTHER_LDFLAGS = (
					"$(inherited)",
					"-ObjC",
					"-lc++",
				);
				PRODUCT_BUNDLE_IDENTIFIER = com.tilavivgrill;
				PRODUCT_NAME = TilavivGrill;
				PROVISIONING_PROFILE_SPECIFIER = "";
				VERSIONING_SYSTEM = "apple-generic";
			};
			name = Debug;
		};
		13B07F951A680F5B00A75B9A /* Release */ = {
			isa = XCBuildConfiguration;
			baseConfigurationReference = 3525DBA60647D443F0E9B2C4 /* Pods-TilavivGrill.release.xcconfig */;
			buildSettings = {
				ASSETCATALOG_COMPILER_APPICON_NAME = AppIcon;
				CODE_SIGN_IDENTITY = "Apple Development";
				CODE_SIGN_STYLE = Automatic;
				CURRENT_PROJECT_VERSION = 1;
				DEVELOPMENT_TEAM = "";
				INFOPLIST_FILE = TilavivGrill/Info.plist;
				LD_RUNPATH_SEARCH_PATHS = "$(inherited) @executable_path/Frameworks";
				OTHER_LDFLAGS = (
					"$(inherited)",
					"-ObjC",
					"-lc++",
				);
				PRODUCT_BUNDLE_IDENTIFIER = com.tilavivgrill;
				PRODUCT_NAME = TilavivGrill;
				PROVISIONING_PROFILE_SPECIFIER = "";
				VERSIONING_SYSTEM = "apple-generic";
			};
			name = Release;
		};
		2D02E4971E0B4A5E006451C7 /* Debug */ = {
			isa = XCBuildConfiguration;
			baseConfigurationReference = 4F3557BDD84F521744D99DE7 /* Pods-TilavivGrill-tvOS.debug.xcconfig */;
			buildSettings = {
				ASSETCATALOG_COMPILER_APPICON_NAME = "App Icon & Top Shelf Image";
				ASSETCATALOG_COMPILER_LAUNCHIMAGE_NAME = LaunchImage;
				CLANG_ANALYZER_NONNULL = YES;
				CLANG_WARN_DOCUMENTATION_COMMENTS = YES;
				CLANG_WARN_INFINITE_RECURSION = YES;
				CLANG_WARN_SUSPICIOUS_MOVE = YES;
				DEBUG_INFORMATION_FORMAT = dwarf;
				ENABLE_TESTABILITY = YES;
				GCC_NO_COMMON_BLOCKS = YES;
				INFOPLIST_FILE = "TilavivGrill-tvOS/Info.plist";
				LD_RUNPATH_SEARCH_PATHS = "$(inherited) @executable_path/Frameworks";
				OTHER_LDFLAGS = (
					"$(inherited)",
					"-ObjC",
					"-lc++",
				);
				PRODUCT_BUNDLE_IDENTIFIER = "com.facebook.REACT.TilavivGrill-tvOS";
				PRODUCT_NAME = "$(TARGET_NAME)";
				SDKROOT = appletvos;
				TARGETED_DEVICE_FAMILY = 3;
				TVOS_DEPLOYMENT_TARGET = 9.2;
			};
			name = Debug;
		};
		2D02E4981E0B4A5E006451C7 /* Release */ = {
			isa = XCBuildConfiguration;
			baseConfigurationReference = 756E0BE4B2BEFCCD56D19F91 /* Pods-TilavivGrill-tvOS.release.xcconfig */;
			buildSettings = {
				ASSETCATALOG_COMPILER_APPICON_NAME = "App Icon & Top Shelf Image";
				ASSETCATALOG_COMPILER_LAUNCHIMAGE_NAME = LaunchImage;
				CLANG_ANALYZER_NONNULL = YES;
				CLANG_WARN_DOCUMENTATION_COMMENTS = YES;
				CLANG_WARN_INFINITE_RECURSION = YES;
				CLANG_WARN_SUSPICIOUS_MOVE = YES;
				COPY_PHASE_STRIP = NO;
				DEBUG_INFORMATION_FORMAT = "dwarf-with-dsym";
				GCC_NO_COMMON_BLOCKS = YES;
				INFOPLIST_FILE = "TilavivGrill-tvOS/Info.plist";
				LD_RUNPATH_SEARCH_PATHS = "$(inherited) @executable_path/Frameworks";
				OTHER_LDFLAGS = (
					"$(inherited)",
					"-ObjC",
					"-lc++",
				);
				PRODUCT_BUNDLE_IDENTIFIER = "com.facebook.REACT.TilavivGrill-tvOS";
				PRODUCT_NAME = "$(TARGET_NAME)";
				SDKROOT = appletvos;
				TARGETED_DEVICE_FAMILY = 3;
				TVOS_DEPLOYMENT_TARGET = 9.2;
			};
			name = Release;
		};
		2D02E4991E0B4A5E006451C7 /* Debug */ = {
			isa = XCBuildConfiguration;
			baseConfigurationReference = 61C7CC36424E3BCC6D2AC32A /* Pods-TilavivGrill-tvOSTests.debug.xcconfig */;
			buildSettings = {
				BUNDLE_LOADER = "$(TEST_HOST)";
				CLANG_ANALYZER_NONNULL = YES;
				CLANG_WARN_DOCUMENTATION_COMMENTS = YES;
				CLANG_WARN_INFINITE_RECURSION = YES;
				CLANG_WARN_SUSPICIOUS_MOVE = YES;
				DEBUG_INFORMATION_FORMAT = dwarf;
				ENABLE_TESTABILITY = YES;
				GCC_NO_COMMON_BLOCKS = YES;
				INFOPLIST_FILE = "TilavivGrill-tvOSTests/Info.plist";
				LD_RUNPATH_SEARCH_PATHS = "$(inherited) @executable_path/Frameworks @loader_path/Frameworks";
				OTHER_LDFLAGS = (
					"$(inherited)",
					"-ObjC",
					"-lc++",
				);
				PRODUCT_BUNDLE_IDENTIFIER = "com.facebook.REACT.TilavivGrill-tvOSTests";
				PRODUCT_NAME = "$(TARGET_NAME)";
				SDKROOT = appletvos;
				TEST_HOST = "$(BUILT_PRODUCTS_DIR)/TilavivGrill-tvOS.app/TilavivGrill-tvOS";
				TVOS_DEPLOYMENT_TARGET = 10.1;
			};
			name = Debug;
		};
		2D02E49A1E0B4A5E006451C7 /* Release */ = {
			isa = XCBuildConfiguration;
			baseConfigurationReference = 2892DE5906BFF75AD22836F9 /* Pods-TilavivGrill-tvOSTests.release.xcconfig */;
			buildSettings = {
				BUNDLE_LOADER = "$(TEST_HOST)";
				CLANG_ANALYZER_NONNULL = YES;
				CLANG_WARN_DOCUMENTATION_COMMENTS = YES;
				CLANG_WARN_INFINITE_RECURSION = YES;
				CLANG_WARN_SUSPICIOUS_MOVE = YES;
				COPY_PHASE_STRIP = NO;
				DEBUG_INFORMATION_FORMAT = "dwarf-with-dsym";
				GCC_NO_COMMON_BLOCKS = YES;
				INFOPLIST_FILE = "TilavivGrill-tvOSTests/Info.plist";
				LD_RUNPATH_SEARCH_PATHS = "$(inherited) @executable_path/Frameworks @loader_path/Frameworks";
				OTHER_LDFLAGS = (
					"$(inherited)",
					"-ObjC",
					"-lc++",
				);
				PRODUCT_BUNDLE_IDENTIFIER = "com.facebook.REACT.TilavivGrill-tvOSTests";
				PRODUCT_NAME = "$(TARGET_NAME)";
				SDKROOT = appletvos;
				TEST_HOST = "$(BUILT_PRODUCTS_DIR)/TilavivGrill-tvOS.app/TilavivGrill-tvOS";
				TVOS_DEPLOYMENT_TARGET = 10.1;
			};
			name = Release;
		};
		83CBBA201A601CBA00E9B192 /* Debug */ = {
			isa = XCBuildConfiguration;
			buildSettings = {
				ALWAYS_SEARCH_USER_PATHS = NO;
				CLANG_CXX_LANGUAGE_STANDARD = "gnu++0x";
				CLANG_CXX_LIBRARY = "libc++";
				CLANG_ENABLE_MODULES = YES;
				CLANG_ENABLE_OBJC_ARC = YES;
				CLANG_WARN_BLOCK_CAPTURE_AUTORELEASING = YES;
				CLANG_WARN_BOOL_CONVERSION = YES;
				CLANG_WARN_COMMA = YES;
				CLANG_WARN_CONSTANT_CONVERSION = YES;
				CLANG_WARN_DEPRECATED_OBJC_IMPLEMENTATIONS = YES;
				CLANG_WARN_DIRECT_OBJC_ISA_USAGE = YES_ERROR;
				CLANG_WARN_EMPTY_BODY = YES;
				CLANG_WARN_ENUM_CONVERSION = YES;
				CLANG_WARN_INFINITE_RECURSION = YES;
				CLANG_WARN_INT_CONVERSION = YES;
				CLANG_WARN_NON_LITERAL_NULL_CONVERSION = YES;
				CLANG_WARN_OBJC_IMPLICIT_RETAIN_SELF = YES;
				CLANG_WARN_OBJC_LITERAL_CONVERSION = YES;
				CLANG_WARN_OBJC_ROOT_CLASS = YES_ERROR;
				CLANG_WARN_RANGE_LOOP_ANALYSIS = YES;
				CLANG_WARN_STRICT_PROTOTYPES = YES;
				CLANG_WARN_SUSPICIOUS_MOVE = YES;
				CLANG_WARN_UNREACHABLE_CODE = YES;
				CLANG_WARN__DUPLICATE_METHOD_MATCH = YES;
				"CODE_SIGN_IDENTITY[sdk=iphoneos*]" = "iPhone Developer";
				COPY_PHASE_STRIP = NO;
				ENABLE_STRICT_OBJC_MSGSEND = YES;
				ENABLE_TESTABILITY = YES;
				GCC_C_LANGUAGE_STANDARD = gnu99;
				GCC_DYNAMIC_NO_PIC = NO;
				GCC_NO_COMMON_BLOCKS = YES;
				GCC_OPTIMIZATION_LEVEL = 0;
				GCC_PREPROCESSOR_DEFINITIONS = (
					"DEBUG=1",
					"$(inherited)",
				);
				GCC_SYMBOLS_PRIVATE_EXTERN = NO;
				GCC_WARN_64_TO_32_BIT_CONVERSION = YES;
				GCC_WARN_ABOUT_RETURN_TYPE = YES_ERROR;
				GCC_WARN_UNDECLARED_SELECTOR = YES;
				GCC_WARN_UNINITIALIZED_AUTOS = YES_AGGRESSIVE;
				GCC_WARN_UNUSED_FUNCTION = YES;
				GCC_WARN_UNUSED_VARIABLE = YES;
				IPHONEOS_DEPLOYMENT_TARGET = 9.0;
				MTL_ENABLE_DEBUG_INFO = YES;
				ONLY_ACTIVE_ARCH = YES;
				SDKROOT = iphoneos;
			};
			name = Debug;
		};
		83CBBA211A601CBA00E9B192 /* Release */ = {
			isa = XCBuildConfiguration;
			buildSettings = {
				ALWAYS_SEARCH_USER_PATHS = NO;
				CLANG_CXX_LANGUAGE_STANDARD = "gnu++0x";
				CLANG_CXX_LIBRARY = "libc++";
				CLANG_ENABLE_MODULES = YES;
				CLANG_ENABLE_OBJC_ARC = YES;
				CLANG_WARN_BLOCK_CAPTURE_AUTORELEASING = YES;
				CLANG_WARN_BOOL_CONVERSION = YES;
				CLANG_WARN_COMMA = YES;
				CLANG_WARN_CONSTANT_CONVERSION = YES;
				CLANG_WARN_DEPRECATED_OBJC_IMPLEMENTATIONS = YES;
				CLANG_WARN_DIRECT_OBJC_ISA_USAGE = YES_ERROR;
				CLANG_WARN_EMPTY_BODY = YES;
				CLANG_WARN_ENUM_CONVERSION = YES;
				CLANG_WARN_INFINITE_RECURSION = YES;
				CLANG_WARN_INT_CONVERSION = YES;
				CLANG_WARN_NON_LITERAL_NULL_CONVERSION = YES;
				CLANG_WARN_OBJC_IMPLICIT_RETAIN_SELF = YES;
				CLANG_WARN_OBJC_LITERAL_CONVERSION = YES;
				CLANG_WARN_OBJC_ROOT_CLASS = YES_ERROR;
				CLANG_WARN_RANGE_LOOP_ANALYSIS = YES;
				CLANG_WARN_STRICT_PROTOTYPES = YES;
				CLANG_WARN_SUSPICIOUS_MOVE = YES;
				CLANG_WARN_UNREACHABLE_CODE = YES;
				CLANG_WARN__DUPLICATE_METHOD_MATCH = YES;
				"CODE_SIGN_IDENTITY[sdk=iphoneos*]" = "iPhone Developer";
				COPY_PHASE_STRIP = YES;
				ENABLE_NS_ASSERTIONS = NO;
				ENABLE_STRICT_OBJC_MSGSEND = YES;
				GCC_C_LANGUAGE_STANDARD = gnu99;
				GCC_NO_COMMON_BLOCKS = YES;
				GCC_WARN_64_TO_32_BIT_CONVERSION = YES;
				GCC_WARN_ABOUT_RETURN_TYPE = YES_ERROR;
				GCC_WARN_UNDECLARED_SELECTOR = YES;
				GCC_WARN_UNINITIALIZED_AUTOS = YES_AGGRESSIVE;
				GCC_WARN_UNUSED_FUNCTION = YES;
				GCC_WARN_UNUSED_VARIABLE = YES;
				IPHONEOS_DEPLOYMENT_TARGET = 9.0;
				MTL_ENABLE_DEBUG_INFO = NO;
				SDKROOT = iphoneos;
				VALIDATE_PRODUCT = YES;
			};
			name = Release;
		};
/* End XCBuildConfiguration section */

/* Begin XCConfigurationList section */
		00E357021AD99517003FC87E /* Build configuration list for PBXNativeTarget "TilavivGrillTests" */ = {
			isa = XCConfigurationList;
			buildConfigurations = (
				00E356F61AD99517003FC87E /* Debug */,
				00E356F71AD99517003FC87E /* Release */,
			);
			defaultConfigurationIsVisible = 0;
			defaultConfigurationName = Release;
		};
		13B07F931A680F5B00A75B9A /* Build configuration list for PBXNativeTarget "TilavivGrill" */ = {
			isa = XCConfigurationList;
			buildConfigurations = (
				13B07F941A680F5B00A75B9A /* Debug */,
				13B07F951A680F5B00A75B9A /* Release */,
			);
			defaultConfigurationIsVisible = 0;
			defaultConfigurationName = Release;
		};
		2D02E4BA1E0B4A5E006451C7 /* Build configuration list for PBXNativeTarget "TilavivGrill-tvOS" */ = {
			isa = XCConfigurationList;
			buildConfigurations = (
				2D02E4971E0B4A5E006451C7 /* Debug */,
				2D02E4981E0B4A5E006451C7 /* Release */,
			);
			defaultConfigurationIsVisible = 0;
			defaultConfigurationName = Release;
		};
		2D02E4BB1E0B4A5E006451C7 /* Build configuration list for PBXNativeTarget "TilavivGrill-tvOSTests" */ = {
			isa = XCConfigurationList;
			buildConfigurations = (
				2D02E4991E0B4A5E006451C7 /* Debug */,
				2D02E49A1E0B4A5E006451C7 /* Release */,
			);
			defaultConfigurationIsVisible = 0;
			defaultConfigurationName = Release;
		};
		83CBB9FA1A601CBA00E9B192 /* Build configuration list for PBXProject "TilavivGrill" */ = {
			isa = XCConfigurationList;
			buildConfigurations = (
				83CBBA201A601CBA00E9B192 /* Debug */,
				83CBBA211A601CBA00E9B192 /* Release */,
			);
			defaultConfigurationIsVisible = 0;
			defaultConfigurationName = Release;
		};
/* End XCConfigurationList section */
	};
	rootObject = 83CBB9F71A601CBA00E9B192 /* Project object */;
}
